lockfileVersion: 5.4

specifiers:
  '@node-ts/bus-core': ^1.0.13
  '@node-ts/bus-messages': ^1.0.4
  '@tsconfig/node18': ^1.0.1
  '@types/uuid': ^9.0.0
  typescript: ^4.9.5
  uuid: ^9.0.0

dependencies:
  '@node-ts/bus-core': 1.0.13
  '@node-ts/bus-messages': 1.0.4
  '@tsconfig/node18': 1.0.1
  uuid: 9.0.0

devDependencies:
  '@types/uuid': 9.0.0
  typescript: 4.9.5

packages:

  /@node-ts/bus-core/1.0.13:
    resolution: {integrity: sha512-mjqa0GzyI9agYyzXUu2Qy5R+xmkGdGLbItsvk4Pz9aKEO6Okp/JpVWzPtgXq3tMoZHKG6Vkf9trLCmawnPep5A==}
    dependencies:
      '@node-ts/bus-messages': 1.0.4
      debug: 4.3.4
      reflect-metadata: 0.1.13
      serialize-error: 8.1.0
      tslib: 1.14.1
      uuid: 8.3.2
    transitivePeerDependencies:
      - supports-color
    dev: false

  /@node-ts/bus-messages/1.0.4:
    resolution: {integrity: sha512-cixoFXLo2LdpZoJrkPciWl2f11+yN9wnh8eMTvhq7m+8plYykn8sddZHYpg7ca3HOB7W3bdxOjzoB53203OfZQ==}
    dependencies:
      tslib: 1.14.1
    dev: false

  /@tsconfig/node18/1.0.1:
    resolution: {integrity: sha512-sNFeK6X2ATlhlvzyH4kKYQlfHXE2f2/wxtB9ClvYXevWpmwkUT7VaSrjIN9E76Qebz8qP5JOJJ9jD3QoD/Z9TA==}
    dev: false

  /@types/uuid/9.0.0:
    resolution: {integrity: sha512-kr90f+ERiQtKWMz5rP32ltJ/BtULDI5RVO0uavn1HQUOwjx0R1h0rnDYNL0CepF1zL5bSY6FISAfd9tOdDhU5Q==}
    dev: true

  /debug/4.3.4:
    resolution: {integrity: sha512-PRWFHuSU3eDtQJPvnNY7Jcket1j0t5OuOsFzPPzsekD52Zl8qUfFIPEiswXqIvHWGVHOgX+7G/vCNNhehwxfkQ==}
    engines: {node: '>=6.0'}
    peerDependencies:
      supports-color: '*'
    peerDependenciesMeta:
      supports-color:
        optional: true
    dependencies:
      ms: 2.1.2
    dev: false

  /ms/2.1.2:
    resolution: {integrity: sha512-sGkPx+VjMtmA6MX27oA4FBFELFCZZ4S4XqeGOXCv68tT+jb3vk/RyaKWP0PTKyWtmLSM0b+adUTEvbs1PEaH2w==}
    dev: false

  /reflect-metadata/0.1.13:
    resolution: {integrity: sha512-Ts1Y/anZELhSsjMcU605fU9RE4Oi3p5ORujwbIKXfWa+0Zxs510Qrmrce5/Jowq3cHSZSJqBjypxmHarc+vEWg==}
    dev: false

  /serialize-error/8.1.0:
    resolution: {integrity: sha512-3NnuWfM6vBYoy5gZFvHiYsVbafvI9vZv/+jlIigFn4oP4zjNPK3LhcY0xSCgeb1a5L8jO71Mit9LlNoi2UfDDQ==}
    engines: {node: '>=10'}
    dependencies:
      type-fest: 0.20.2
    dev: false

  /tslib/1.14.1:
    resolution: {integrity: sha512-Xni35NKzjgMrwevysHTCArtLDpPvye8zV/0E4EyYn43P7/7qvQwPh9BGkHewbMulVntbigmcT7rdX3BNo9wRJg==}
    dev: false

  /type-fest/0.20.2:
    resolution: {integrity: sha512-Ne+eE4r0/iWnpAxD852z3A+N0Bt5RN//NjJwRd2VFHEmrywxf5vsZlh4R6lixl6B+wz/8d+maTSAkN1FIkI3LQ==}
    engines: {node: '>=10'}
    dev: false

  /typescript/4.9.5:
    resolution: {integrity: sha512-1FXk9E2Hm+QzZQ7z+McJiHL4NW1F2EzMu9Nq9i3zAaGqibafqYwCVU6WyWAuyQRRzOlxou8xZSyXLEN8oKj24g==}
    engines: {node: '>=4.2.0'}
    hasBin: true
    dev: true

  /uuid/8.3.2:
    resolution: {integrity: sha512-+NYs2QeMWy+GWFOEm9xnn6HCDp0l7QBD7ml8zLUmJ+93Q5NF0NocErnwkTkXVFNiX3/fpC6afS8Dhb/gz7R7eg==}
    hasBin: true
    dev: false

  /uuid/9.0.0:
    resolution: {integrity: sha512-MXcSTerfPa4uqyzStbRoTgt5XIe3x5+42+q1sDuy3R5MDk66URdLMOZe5aPX/SQd+kuYAh0FdP/pO28IkQyTeg==}
    hasBin: true
    dev: false
